
Microsoft Visual Studio Solution File, Format Version 12.00
# Visual Studio Version 17
VisualStudioVersion = 17.3.32929.385
MinimumVisualStudioVersion = 10.0.40219.1
Project("{FAE04EC0-301F-11D3-BF4B-00C04F79EFBC}") = "HannesMalterRoadTransport", "HannesMalterRoadTransport\HannesMalterRoadTransport.csproj", "{6CF213E2-BB1C-414B-AB18-7E505953DE1A}"
EndProject
Global
	GlobalSection(SolutionConfigurationPlatforms) = preSolution
		Debug|Any CPU = Debug|Any CPU
		Release|Any CPU = Release|Any CPU
	EndGlobalSection
	GlobalSection(ProjectConfigurationPlatforms) = postSolution
		{6CF213E2-BB1C-414B-AB18-7E505953DE1A}.Debug|Any CPU.ActiveCfg = Debug|Any CPU
		{6CF213E2-BB1C-414B-AB18-7E505953DE1A}.Debug|Any CPU.Build.0 = Debug|Any CPU
		{6CF213E2-BB1C-414B-AB18-7E505953DE1A}.Release|Any CPU.ActiveCfg = Release|Any CPU
		{6CF213E2-BB1C-414B-AB18-7E505953DE1A}.Release|Any CPU.Build.0 = Release|Any CPU
	EndGlobalSection
	GlobalSection(SolutionProperties) = preSolution
		HideSolutionNode = FALSE
	EndGlobalSection
	GlobalSection(ExtensibilityGlobals) = postSolution
		SolutionGuid = {2E09F305-84AD-4E52-BA01-2C8385674002}
	EndGlobalSection
EndGlobal
